Microsoft Visual Studio Solution File, Format Version 12.00
# Visual Studio Version 17
VisualStudioVersion = 17.5.2.0
MinimumVisualStudioVersion = 10.0.40219.1
Project("{FAE04EC0-301F-11D3-BF4B-00C04F79EFBC}") = "10172", "10172.csproj", "{B7A4918F-0473-448B-D007-9A99EC0C9CAF}"
EndProject
Global
	GlobalSection(SolutionConfigurationPlatforms) = preSolution
		Debug|Any CPU = Debug|Any CPU
		Release|Any CPU = Release|Any CPU
	EndGlobalSection
	GlobalSection(ProjectConfigurationPlatforms) = postSolution
		{B7A4918F-0473-448B-D007-9A99EC0C9CAF}.Debug|Any CPU.ActiveCfg = Debug|Any CPU
		{B7A4918F-0473-448B-D007-9A99EC0C9CAF}.Debug|Any CPU.Build.0 = Debug|Any CPU
		{B7A4918F-0473-448B-D007-9A99EC0C9CAF}.Release|Any CPU.ActiveCfg = Release|Any CPU
		{B7A4918F-0473-448B-D007-9A99EC0C9CAF}.Release|Any CPU.Build.0 = Release|Any CPU
	EndGlobalSection
	GlobalSection(SolutionProperties) = preSolution
		HideSolutionNode = FALSE
	EndGlobalSection
	GlobalSection(ExtensibilityGlobals) = postSolution
		SolutionGuid = {597D0DDE-EC2C-487A-AF9E-4844F78A4D40}
	EndGlobalSection
EndGlobal
